
Microsoft Visual Studio Solution File, Format Version 12.00
Project("{FAE04EC0-301F-11D3-BF4B-00C04F79EFBC}") = "primeiroDesafio", "primeiroDesafio\primeiroDesafio.csproj", "{CE9BF1B2-F79B-4861-A5E3-CD5FBE66A012}"
EndProject
Global
	GlobalSection(SolutionConfigurationPlatforms) = preSolution
		Debug|Any CPU = Debug|Any CPU
		Release|Any CPU = Release|Any CPU
	EndGlobalSection
	GlobalSection(ProjectConfigurationPlatforms) = postSolution
		{CE9BF1B2-F79B-4861-A5E3-CD5FBE66A012}.Debug|Any CPU.ActiveCfg = Debug|Any CPU
		{CE9BF1B2-F79B-4861-A5E3-CD5FBE66A012}.Debug|Any CPU.Build.0 = Debug|Any CPU
		{CE9BF1B2-F79B-4861-A5E3-CD5FBE66A012}.Release|Any CPU.ActiveCfg = Release|Any CPU
		{CE9BF1B2-F79B-4861-A5E3-CD5FBE66A012}.Release|Any CPU.Build.0 = Release|Any CPU
	EndGlobalSection
EndGlobal
