Microsoft Visual Studio Solution File, Format Version 12.00
# Visual Studio Version 17
VisualStudioVersion = 17.5.2.0
MinimumVisualStudioVersion = 10.0.40219.1
Project("{FAE04EC0-301F-11D3-BF4B-00C04F79EFBC}") = "terceiroDesafio", "terceiroDesafio\terceiroDesafio.csproj", "{8F6A6297-C40F-DB2E-16B5-EB9179B3D7FF}"
EndProject
Global
	GlobalSection(SolutionConfigurationPlatforms) = preSolution
		Debug|Any CPU = Debug|Any CPU
		Release|Any CPU = Release|Any CPU
	EndGlobalSection
	GlobalSection(ProjectConfigurationPlatforms) = postSolution
		{8F6A6297-C40F-DB2E-16B5-EB9179B3D7FF}.Debug|Any CPU.ActiveCfg = Debug|Any CPU
		{8F6A6297-C40F-DB2E-16B5-EB9179B3D7FF}.Debug|Any CPU.Build.0 = Debug|Any CPU
		{8F6A6297-C40F-DB2E-16B5-EB9179B3D7FF}.Release|Any CPU.ActiveCfg = Release|Any CPU
		{8F6A6297-C40F-DB2E-16B5-EB9179B3D7FF}.Release|Any CPU.Build.0 = Release|Any CPU
	EndGlobalSection
	GlobalSection(SolutionProperties) = preSolution
		HideSolutionNode = FALSE
	EndGlobalSection
	GlobalSection(ExtensibilityGlobals) = postSolution
		SolutionGuid = {96680252-5F21-4613-BFBD-44D9CA0DF816}
	EndGlobalSection
EndGlobal
