
Microsoft Visual Studio Solution File, Format Version 12.00
Project("{FAE04EC0-301F-11D3-BF4B-00C04F79EFBC}") = "primeiroDesafio", "primeiroDesafio\primeiroDesafio.csproj", "{AAF3C412-E896-4E55-B865-0812BCA6FAD0}"
EndProject
Global
	GlobalSection(SolutionConfigurationPlatforms) = preSolution
		Debug|Any CPU = Debug|Any CPU
		Release|Any CPU = Release|Any CPU
	EndGlobalSection
	GlobalSection(ProjectConfigurationPlatforms) = postSolution
		{AAF3C412-E896-4E55-B865-0812BCA6FAD0}.Debug|Any CPU.ActiveCfg = Debug|Any CPU
		{AAF3C412-E896-4E55-B865-0812BCA6FAD0}.Debug|Any CPU.Build.0 = Debug|Any CPU
		{AAF3C412-E896-4E55-B865-0812BCA6FAD0}.Release|Any CPU.ActiveCfg = Release|Any CPU
		{AAF3C412-E896-4E55-B865-0812BCA6FAD0}.Release|Any CPU.Build.0 = Release|Any CPU
	EndGlobalSection
EndGlobal
